
Microsoft Visual Studio Solution File, Format Version 12.00
# Visual Studio Version 17
VisualStudioVersion = 17.0.32014.148
MinimumVisualStudioVersion = 10.0.40219.1
Project("{FAE04EC0-301F-11D3-BF4B-00C04F79EFBC}") = "SendImgToApi", "SendImgToApi\SendImgToApi.csproj", "{13B19E8F-EFDA-4D16-A957-D49F2CFEC9DB}"
EndProject
Global
	GlobalSection(SolutionConfigurationPlatforms) = preSolution
		Debug|Any CPU = Debug|Any CPU
		Release|Any CPU = Release|Any CPU
	EndGlobalSection
	GlobalSection(ProjectConfigurationPlatforms) = postSolution
		{13B19E8F-EFDA-4D16-A957-D49F2CFEC9DB}.Debug|Any CPU.ActiveCfg = Debug|Any CPU
		{13B19E8F-EFDA-4D16-A957-D49F2CFEC9DB}.Debug|Any CPU.Build.0 = Debug|Any CPU
		{13B19E8F-EFDA-4D16-A957-D49F2CFEC9DB}.Release|Any CPU.ActiveCfg = Release|Any CPU
		{13B19E8F-EFDA-4D16-A957-D49F2CFEC9DB}.Release|Any CPU.Build.0 = Release|Any CPU
	EndGlobalSection
	GlobalSection(SolutionProperties) = preSolution
		HideSolutionNode = FALSE
	EndGlobalSection
	GlobalSection(ExtensibilityGlobals) = postSolution
		SolutionGuid = {9DBEAC7A-3FCF-4DD3-BD0D-B6C6E99B06D1}
	EndGlobalSection
EndGlobal
